{
  "name": "4.npm",
  "version": "1.0.0",
  "lockfileVersion": 1,
  "dependencies": {
    "angular6.0": {
      "version": "1.0.0",
      "resolved": "https://registry.npmjs.org/angular6.0/-/angular6.0-1.0.0.tgz",
      "integrity": "sha512-j6UPXPAQ4gDZL2aWWFOu+sJ2YZk/lNO9gqva+s4m5S+7+9T7WpopZs9jEoSeOYU+uP63IT97Q3y8HSbqDjZQ1Q=="
    }
  }
}
